{
  "name": "rainfall-monitor",
  "version": "1.0.0",
  "lockfileVersion": 3,
  "requires": true,
  "packages": {
    "": {
      "name": "rainfall-monitor",
      "version": "1.0.0",
      "dependencies": {
        "@mattnucc/gribberish": "^1.6.0"
      },
      "engines": {
        "node": ">=18"
      }
    },
    "node_modules/@mattnucc/gribberish": {
      "version": "1.6.0",
      "resolved": "https://registry.npmjs.org/@mattnucc/gribberish/-/gribberish-1.6.0.tgz",
      "integrity": "sha512-3zGRfl8vkcZj3ZX3OVJoxZtohRoMzqB5UHavZ77zv/H1Y9P9j7+YmN0u9nLnACe7l1OZEtnvikwaTZhj69D5Kw==",
      "license": "MIT",
      "engines": {
        "node": ">= 12.22.0 < 13 || >= 14.17.0 < 15 || >= 15.12.0 < 16 || >= 16.0.0"
      },
      "optionalDependencies": {
        "@mattnucc/gribberish-darwin-arm64": "1.6.0",
        "@mattnucc/gribberish-darwin-x64": "1.6.0",
        "@mattnucc/gribberish-linux-x64-gnu": "1.6.0",
        "@mattnucc/gribberish-wasm32-wasi": "1.6.0",
        "@mattnucc/gribberish-win32-x64-msvc": "1.6.0"
      }
    },
    "node_modules/@mattnucc/gribberish-darwin-arm64": {
      "version": "1.6.0",
      "resolved": "https://registry.npmjs.org/@mattnucc/gribberish-darwin-arm64/-/gribberish-darwin-arm64-1.6.0.tgz",
      "integrity": "sha512-h2UNv/U5iO5ailnLktcC97rYQdQKc9GixOAPswdz0eJUAaUzO+h0B7xO7QacjEeAeQSkeKsSdTElzA0h39DTyA==",
      "cpu": [
        "arm64"
      ],
      "license": "MIT",
      "optional": true,
      "os": [
        "darwin"
      ],
      "engines": {
        "node": ">= 12.22.0 < 13 || >= 14.17.0 < 15 || >= 15.12.0 < 16 || >= 16.0.0"
      }
    },
    "node_modules/@mattnucc/gribberish-darwin-x64": {
      "version": "1.6.0",
      "resolved": "https://registry.npmjs.org/@mattnucc/gribberish-darwin-x64/-/gribberish-darwin-x64-1.6.0.tgz",
      "integrity": "sha512-CE8mftlzf/Sva7GZekDDsED7acCONVMAjgTM4I247MveFHQ8N/gdDkfpE3niS8NfVnyvt4GliwyIRcrxTr3NtA==",
      "cpu": [
        "x64"
      ],
      "license": "MIT",
      "optional": true,
      "os": [
        "darwin"
      ],
      "engines": {
        "node": ">= 12.22.0 < 13 || >= 14.17.0 < 15 || >= 15.12.0 < 16 || >= 16.0.0"
      }
    },
    "node_modules/@mattnucc/gribberish-linux-x64-gnu": {
      "version": "1.6.0",
      "resolved": "https://registry.npmjs.org/@mattnucc/gribberish-linux-x64-gnu/-/gribberish-linux-x64-gnu-1.6.0.tgz",
      "integrity": "sha512-5S5uvNg0/M+e/fMDKFBLsLgSZCvLdVgQR85GM5ggt1ucxdEvWwCTLFKmaQ5pE2UHpYCfvPzjB0GqIZlgcmZ5lA==",
      "cpu": [
        "x64"
      ],
      "license": "MIT",
      "optional": true,
      "os": [
        "linux"
      ],
      "engines": {
        "node": ">= 12.22.0 < 13 || >= 14.17.0 < 15 || >= 15.12.0 < 16 || >= 16.0.0"
      }
    },
    "node_modules/@mattnucc/gribberish-wasm32-wasi": {
      "version": "1.6.0",
      "resolved": "https://registry.npmjs.org/@mattnucc/gribberish-wasm32-wasi/-/gribberish-wasm32-wasi-1.6.0.tgz",
      "integrity": "sha512-74gQIe5SgKwTI1oP8DqkvTDWvX1gM6zbzpkH5MwjrToLzzBe5/R/EudTo0FzedsFEk7y/y4BVceoZRYZu5mCFw==",
      "cpu": [
        "wasm32"
      ],
      "license": "MIT",
      "optional": true,
      "dependencies": {
        "@emnapi/core": "1.11.2",
        "@emnapi/runtime": "1.11.2",
        "@napi-rs/wasm-runtime": "^1.2.0"
      },
      "engines": {
        "node": ">=14.17.0 <15.0.0-0 || >=15.12.0 <16.0.0-0 || >=16.0.0"
      }
    },
    "node_modules/@mattnucc/gribberish-wasm32-wasi/node_modules/@emnapi/core": {
      "version": "1.11.2",
      "resolved": "https://registry.npmjs.org/@emnapi/core/-/core-1.11.2.tgz",
      "integrity": "sha512-TC8MkTuZUtcTSiFeuC0ksCh9QIJ5+F21MvZ4Wn4ORfYaFJ/0dsiudv5tVkejgwZlwQ39jL9WWDe2lz8x0WglOA==",
      "license": "MIT",
      "optional": true,
      "dependencies": {
        "@emnapi/wasi-threads": "1.2.2",
        "tslib": "^2.4.0"
      }
    },
    "node_modules/@mattnucc/gribberish-wasm32-wasi/node_modules/@emnapi/runtime": {
      "version": "1.11.2",
      "resolved": "https://registry.npmjs.org/@emnapi/runtime/-/runtime-1.11.2.tgz",
      "integrity": "sha512-kyOl3X0DuTiT1h2ft8r2fYO8JYtU9a9Xis/zBSiGArNaagCOWx90N1k2wxp18czFDH+OgcWGb5ZP/XMt3dcyPA==",
      "license": "MIT",
      "optional": true,
      "dependencies": {
        "tslib": "^2.4.0"
      }
    },
    "node_modules/@mattnucc/gribberish-wasm32-wasi/node_modules/@emnapi/wasi-threads": {
      "version": "1.2.2",
      "resolved": "https://registry.npmjs.org/@emnapi/wasi-threads/-/wasi-threads-1.2.2.tgz",
      "integrity": "sha512-c95qOXkHdydNKhscBTebqEC1CVAZpyqOfVfBzQ1qgzyl3gfeldUjIggDbIZgDKsHLgnsM+igH7TJ/eAasaVuMA==",
      "license": "MIT",
      "optional": true,
      "dependencies": {
        "tslib": "^2.4.0"
      }
    },
    "node_modules/@mattnucc/gribberish-win32-x64-msvc": {
      "version": "1.6.0",
      "resolved": "https://registry.npmjs.org/@mattnucc/gribberish-win32-x64-msvc/-/gribberish-win32-x64-msvc-1.6.0.tgz",
      "integrity": "sha512-rd6x/U5LVsaWig4Rz9dPNrw9S7VHRnhNQCC9+cFrla7e6DKL20uINpntIZthFHwPeaLx6rqPsc1ckMu3m6OZ+w==",
      "cpu": [
        "x64"
      ],
      "license": "MIT",
      "optional": true,
      "os": [
        "win32"
      ],
      "engines": {
        "node": ">= 12.22.0 < 13 || >= 14.17.0 < 15 || >= 15.12.0 < 16 || >= 16.0.0"
      }
    },
    "node_modules/@napi-rs/wasm-runtime": {
      "version": "1.2.0",
      "resolved": "https://registry.npmjs.org/@napi-rs/wasm-runtime/-/wasm-runtime-1.2.0.tgz",
      "integrity": "sha512-kDoONqMa+VnZ4vvvu/ZUurpJ4gkZU57e7g69qpNgWhYcZFPUHZM2CEMKm+cG6ufDVALbjMvfmMjFVqaK7uEMnA==",
      "license": "MIT",
      "optional": true,
      "dependencies": {
        "@tybys/wasm-util": "^0.10.3"
      },
      "engines": {
        "node": "^20.19.0 || ^22.13.0 || >=23.5.0"
      },
      "funding": {
        "type": "github",
        "url": "https://github.com/sponsors/Brooooooklyn"
      },
      "peerDependencies": {
        "@emnapi/core": "^2.0.0-alpha.3",
        "@emnapi/runtime": "^2.0.0-alpha.3"
      }
    },
    "node_modules/@tybys/wasm-util": {
      "version": "0.10.3",
      "resolved": "https://registry.npmjs.org/@tybys/wasm-util/-/wasm-util-0.10.3.tgz",
      "integrity": "sha512-F3fo1MYrRJYL3zER0OUOmkutjr1Vp23m7OsSgp7nq4SP6OqX6C/56XFIPAl5bt3zaBRjmW7SGz3u/6LwFpYcOg==",
      "license": "MIT",
      "optional": true,
      "dependencies": {
        "tslib": "^2.4.0"
      }
    },
    "node_modules/tslib": {
      "version": "2.8.1",
      "resolved": "https://registry.npmjs.org/tslib/-/tslib-2.8.1.tgz",
      "integrity": "sha512-oJFu94HQb+KVduSUQL7wnpmqnfmLsOA/nAh6b6EH0wCEoK0/mPeXU6c3wKDV83MkOuHPRHtSXKKU99IBazS/2w==",
      "license": "0BSD",
      "optional": true
    }
  }
}
